
Microsoft Visual Studio Solution File, Format Version 12.00
# Visual Studio 15
VisualStudioVersion = 15.0.27428.2043
MinimumVisualStudioVersion = 10.0.40219.1
Project("{9A19103F-16F7-4668-BE54-9A1E7A4F7556}") = "EFCoreDemo", "EFCoreDemo.csproj", "{ECA16FF5-BD1C-478B-A6CA-DC91149C4CB4}"
EndProject
Project("{9A19103F-16F7-4668-BE54-9A1E7A4F7556}") = "EFCoreDemo.Data", "..\EFCoreDemo.Data\EFCoreDemo.Data.csproj", "{D65BFA65-A2AD-42B2-9363-EC52492B4A43}"
EndProject
Project("{9A19103F-16F7-4668-BE54-9A1E7A4F7556}") = "EFCoreDemo.Tests", "..\EFCoreDemo.Tests\EFCoreDemo.Tests.csproj", "{C7F8AD30-0ABB-4541-9210-3746F813349A}"
EndProject
Global
	GlobalSection(SolutionConfigurationPlatforms) = preSolution
		Debug|Any CPU = Debug|Any CPU
		Release|Any CPU = Release|Any CPU
	EndGlobalSection
	GlobalSection(ProjectConfigurationPlatforms) = postSolution
		{ECA16FF5-BD1C-478B-A6CA-DC91149C4CB4}.Debug|Any CPU.ActiveCfg = Debug|Any CPU
		{ECA16FF5-BD1C-478B-A6CA-DC91149C4CB4}.Debug|Any CPU.Build.0 = Debug|Any CPU
		{ECA16FF5-BD1C-478B-A6CA-DC91149C4CB4}.Release|Any CPU.ActiveCfg = Release|Any CPU
		{ECA16FF5-BD1C-478B-A6CA-DC91149C4CB4}.Release|Any CPU.Build.0 = Release|Any CPU
		{D65BFA65-A2AD-42B2-9363-EC52492B4A43}.Debug|Any CPU.ActiveCfg = Debug|Any CPU
		{D65BFA65-A2AD-42B2-9363-EC52492B4A43}.Debug|Any CPU.Build.0 = Debug|Any CPU
		{D65BFA65-A2AD-42B2-9363-EC52492B4A43}.Release|Any CPU.ActiveCfg = Release|Any CPU
		{D65BFA65-A2AD-42B2-9363-EC52492B4A43}.Release|Any CPU.Build.0 = Release|Any CPU
		{C7F8AD30-0ABB-4541-9210-3746F813349A}.Debug|Any CPU.ActiveCfg = Debug|Any CPU
		{C7F8AD30-0ABB-4541-9210-3746F813349A}.Debug|Any CPU.Build.0 = Debug|Any CPU
		{C7F8AD30-0ABB-4541-9210-3746F813349A}.Release|Any CPU.ActiveCfg = Release|Any CPU
		{C7F8AD30-0ABB-4541-9210-3746F813349A}.Release|Any CPU.Build.0 = Release|Any CPU
	EndGlobalSection
	GlobalSection(SolutionProperties) = preSolution
		HideSolutionNode = FALSE
	EndGlobalSection
	GlobalSection(ExtensibilityGlobals) = postSolution
		SolutionGuid = {A243C5CB-D059-4B9B-A718-EBC2D6587EE8}
	EndGlobalSection
EndGlobal
