
Microsoft Visual Studio Solution File, Format Version 12.00
# Visual Studio 15
VisualStudioVersion = 15.0.28010.2019
MinimumVisualStudioVersion = 10.0.40219.1
Project("{9A19103F-16F7-4668-BE54-9A1E7A4F7556}") = "UkazkaAspNetCore", "UkazkaAspNetCore.csproj", "{7B12238D-6AC1-4D20-AF15-B930ECB3A70F}"
EndProject
Global
	GlobalSection(SolutionConfigurationPlatforms) = preSolution
		Debug|Any CPU = Debug|Any CPU
		Release|Any CPU = Release|Any CPU
	EndGlobalSection
	GlobalSection(ProjectConfigurationPlatforms) = postSolution
		{7B12238D-6AC1-4D20-AF15-B930ECB3A70F}.Debug|Any CPU.ActiveCfg = Debug|Any CPU
		{7B12238D-6AC1-4D20-AF15-B930ECB3A70F}.Debug|Any CPU.Build.0 = Debug|Any CPU
		{7B12238D-6AC1-4D20-AF15-B930ECB3A70F}.Release|Any CPU.ActiveCfg = Release|Any CPU
		{7B12238D-6AC1-4D20-AF15-B930ECB3A70F}.Release|Any CPU.Build.0 = Release|Any CPU
	EndGlobalSection
	GlobalSection(SolutionProperties) = preSolution
		HideSolutionNode = FALSE
	EndGlobalSection
	GlobalSection(ExtensibilityGlobals) = postSolution
		SolutionGuid = {8BBEF37A-6588-4253-A150-EBE1C8F7518F}
	EndGlobalSection
EndGlobal
